
Microsoft Visual Studio Solution File, Format Version 12.00
# Visual Studio Version 17
VisualStudioVersion = 17.4.33213.308
MinimumVisualStudioVersion = 10.0.40219.1
Project("{FAE04EC0-301F-11D3-BF4B-00C04F79EFBC}") = "TestSoundBoardPlsIgnore", "TestSoundBoardPlsIgnore\TestSoundBoardPlsIgnore.csproj", "{F4DFEE50-D85B-435D-8F12-715074866AC7}"
EndProject
Global
	GlobalSection(SolutionConfigurationPlatforms) = preSolution
		Debug|Any CPU = Debug|Any CPU
		Release|Any CPU = Release|Any CPU
	EndGlobalSection
	GlobalSection(ProjectConfigurationPlatforms) = postSolution
		{F4DFEE50-D85B-435D-8F12-715074866AC7}.Debug|Any CPU.ActiveCfg = Debug|Any CPU
		{F4DFEE50-D85B-435D-8F12-715074866AC7}.Debug|Any CPU.Build.0 = Debug|Any CPU
		{F4DFEE50-D85B-435D-8F12-715074866AC7}.Release|Any CPU.ActiveCfg = Release|Any CPU
		{F4DFEE50-D85B-435D-8F12-715074866AC7}.Release|Any CPU.Build.0 = Release|Any CPU
	EndGlobalSection
	GlobalSection(SolutionProperties) = preSolution
		HideSolutionNode = FALSE
	EndGlobalSection
	GlobalSection(ExtensibilityGlobals) = postSolution
		SolutionGuid = {FBDDBD02-B574-427C-8116-DD82C2112E72}
	EndGlobalSection
EndGlobal
